<?xml version="1.0" encoding="UTF-8" standalone="yes" ?>
<CodeBlocks_project_file>
	<FileVersion major="1" minor="6" />
	<Project>
		<Option title="Five jurps" />
		<Option pch_mode="2" />
		<Option compiler="gcc" />
		<Build>
			<Target title="Debug">
				<Option output="bin/Debug/Five jurps" prefix_auto="1" extension_auto="1" />
				<Option object_output="obj/Debug/" />
				<Option type="1" />
				<Option compiler="gcc" />
				<Option use_console_runner="0" />
				<Compiler>
					<Add option="-g" />
					<Add directory="G:/workspaceC/Libraries/SFML-2.2/include" />
				</Compiler>
				<Linker>
					<Add library="sfml-graphics" />
					<Add library="sfml-window" />
					<Add library="sfml-system" />
					<Add directory="G:/workspaceC/Libraries/SFML-2.2/lib" />
				</Linker>
			</Target>
			<Target title="Release">
				<Option output="bin/Release/Five jurps" prefix_auto="1" extension_auto="1" />
				<Option object_output="obj/Release/" />
				<Option type="1" />
				<Option compiler="gcc" />
				<Compiler>
					<Add option="-O2" />
					<Add directory="G:/workspaceC/Libraries/SFML-2.2/include" />
				</Compiler>
				<Linker>
					<Add option="-s" />
					<Add library="sfml-graphics" />
					<Add library="sfml-window" />
					<Add library="sfml-system" />
					<Add directory="G:/workspaceC/Libraries/SFML-2.2/lib" />
				</Linker>
			</Target>
		</Build>
		<Compiler>
			<Add option="-Wall" />
			<Add option="-fexceptions" />
			<Add directory="G:/workspaceC/Libraries/SFML-2.2/include" />
		</Compiler>
		<Linker>
			<Add library="sfml-graphics" />
			<Add library="sfml-window" />
			<Add library="sfml-system" />
			<Add directory="G:/workspaceC/Libraries/SFML-2.2/lib" />
		</Linker>
		<Unit filename="Action.cpp" />
		<Unit filename="Action.h" />
		<Unit filename="ActionsHistory.cpp" />
		<Unit filename="ActionsHistory.h" />
		<Unit filename="Controller.cpp" />
		<Unit filename="Controller.h" />
		<Unit filename="EditorScene.cpp" />
		<Unit filename="EditorScene.h" />
		<Unit filename="Field.cpp" />
		<Unit filename="Field.h" />
		<Unit filename="GameField.cpp" />
		<Unit filename="GameField.h" />
		<Unit filename="GameScene.cpp" />
		<Unit filename="GameScene.h" />
		<Unit filename="InfoScene.cpp" />
		<Unit filename="InfoScene.h" />
		<Unit filename="MenuScene.cpp" />
		<Unit filename="MenuScene.h" />
		<Unit filename="Model.cpp" />
		<Unit filename="Model.h" />
		<Unit filename="SaveLoader.cpp" />
		<Unit filename="SaveLoader.h" />
		<Unit filename="Scene.cpp" />
		<Unit filename="Scene.h" />
		<Unit filename="SceneChange.h" />
		<Unit filename="SettingsScene.cpp" />
		<Unit filename="SettingsScene.h" />
		<Unit filename="TokenDescription.cpp" />
		<Unit filename="TokenDescription.h" />
		<Unit filename="View.cpp" />
		<Unit filename="View.h" />
		<Unit filename="WinScene.cpp" />
		<Unit filename="WinScene.h" />
		<Unit filename="main.cpp" />
		<Extensions>
			<code_completion />
			<envvars />
			<debugger />
			<lib_finder disable_auto="1" />
			<DoxyBlocks>
				<comment_style block="0" line="0" />
				<doxyfile_project />
				<doxyfile_build />
				<doxyfile_warnings />
				<doxyfile_output />
				<doxyfile_dot />
				<general />
			</DoxyBlocks>
		</Extensions>
	</Project>
</CodeBlocks_project_file>
